
Microsoft Visual Studio Solution File, Format Version 12.00
# Visual Studio Version 16
VisualStudioVersion = 16.0.30011.22
MinimumVisualStudioVersion = 10.0.40219.1
Project("{9A19103F-16F7-4668-BE54-9A1E7A4F7556}") = "UsbHid", "UsbHid.csproj", "{60661FFC-FC55-46B4-9173-B95A0416B6DA}"
EndProject
Global
	GlobalSection(SolutionConfigurationPlatforms) = preSolution
		Debug|Any CPU = Debug|Any CPU
		Release|Any CPU = Release|Any CPU
	EndGlobalSection
	GlobalSection(ProjectConfigurationPlatforms) = postSolution
		{60661FFC-FC55-46B4-9173-B95A0416B6DA}.Debug|Any CPU.ActiveCfg = Debug|Any CPU
		{60661FFC-FC55-46B4-9173-B95A0416B6DA}.Debug|Any CPU.Build.0 = Debug|Any CPU
		{60661FFC-FC55-46B4-9173-B95A0416B6DA}.Release|Any CPU.ActiveCfg = Release|Any CPU
		{60661FFC-FC55-46B4-9173-B95A0416B6DA}.Release|Any CPU.Build.0 = Release|Any CPU
	EndGlobalSection
	GlobalSection(SolutionProperties) = preSolution
		HideSolutionNode = FALSE
	EndGlobalSection
	GlobalSection(ExtensibilityGlobals) = postSolution
		SolutionGuid = {CC8BCD40-7BB5-4C90-BAED-3C15295EE8AE}
	EndGlobalSection
EndGlobal
